
Microsoft Visual Studio Solution File, Format Version 12.00
# Visual Studio Version 16
VisualStudioVersion = 16.0.31112.23
MinimumVisualStudioVersion = 10.0.40219.1
Project("{FAE04EC0-301F-11D3-BF4B-00C04F79EFBC}") = "WebApplication1", "WebApplication1.csproj", "{515012E9-A08F-45C4-8979-E79A667A1388}"
EndProject
Global
	GlobalSection(SolutionConfigurationPlatforms) = preSolution
		Debug|Any CPU = Debug|Any CPU
		Release|Any CPU = Release|Any CPU
	EndGlobalSection
	GlobalSection(ProjectConfigurationPlatforms) = postSolution
		{515012E9-A08F-45C4-8979-E79A667A1388}.Debug|Any CPU.ActiveCfg = Debug|Any CPU
		{515012E9-A08F-45C4-8979-E79A667A1388}.Debug|Any CPU.Build.0 = Debug|Any CPU
		{515012E9-A08F-45C4-8979-E79A667A1388}.Release|Any CPU.ActiveCfg = Release|Any CPU
		{515012E9-A08F-45C4-8979-E79A667A1388}.Release|Any CPU.Build.0 = Release|Any CPU
	EndGlobalSection
	GlobalSection(SolutionProperties) = preSolution
		HideSolutionNode = FALSE
	EndGlobalSection
	GlobalSection(ExtensibilityGlobals) = postSolution
		SolutionGuid = {7B221F14-C920-44B9-AEC5-0849E8B8A648}
	EndGlobalSection
EndGlobal
